// !$*UTF8*$!
{
	archiveVersion = 1;
	classes = {
	};
	objectVersion = 46;
	objects = {

/* Begin PBXBuildFile section */
		A45924E41E4B2E17009E69C3 /* main.swift in Sources */ = {isa = PBXBuildFile; fileRef = A45924E31E4B2E17009E69C3 /* main.swift */; };
		A480284E1ED684DD00270C28 /* Stack.swift in Sources */ = {isa = PBXBuildFile; fileRef = A480284D1ED684DD00270C28 /* Stack.swift */; };
		A48028501ED6880A00270C28 /* SwiftFunction.swift in Sources */ = {isa = PBXBuildFile; fileRef = A480284F1ED6880A00270C28 /* SwiftFunction.swift */; };
		A48028521ED68D5500270C28 /* SwiftClass.swift in Sources */ = {isa = PBXBuildFile; fileRef = A48028511ED68D5500270C28 /* SwiftClass.swift */; };
		A48028541ED6A24C00270C28 /* willSetAnddidSet.swift in Sources */ = {isa = PBXBuildFile; fileRef = A48028531ED6A24C00270C28 /* willSetAnddidSet.swift */; };
		A48028561ED6A68400270C28 /* SwiftStaticPropertyANDFunction.swift in Sources */ = {isa = PBXBuildFile; fileRef = A48028551ED6A68400270C28 /* SwiftStaticPropertyANDFunction.swift */; };
		A48028581ED6AE3D00270C28 /* swiftDefine_[].swift in Sources */ = {isa = PBXBuildFile; fileRef = A48028571ED6AE3D00270C28 /* swiftDefine_[].swift */; };
		A480285A1ED6C00600270C28 /* SwtiftAccessRights .swift in Sources */ = {isa = PBXBuildFile; fileRef = A48028591ED6C00600270C28 /* SwtiftAccessRights .swift */; };
		A480285C1ED6C37200270C28 /* SwiftFileOperation.swift in Sources */ = {isa = PBXBuildFile; fileRef = A480285B1ED6C37200270C28 /* SwiftFileOperation.swift */; };
/* End PBXBuildFile section */

/* Begin PBXCopyFilesBuildPhase section */
		A45924DE1E4B2E17009E69C3 /* CopyFiles */ = {
			isa = PBXCopyFilesBuildPhase;
			buildActionMask = 2147483647;
			dstPath = /usr/share/man/man1/;
			dstSubfolderSpec = 0;
			files = (
			);
			runOnlyForDeploymentPostprocessing = 1;
		};
/* End PBXCopyFilesBuildPhase section */

/* Begin PBXFileReference section */
		A444ED421EDEB5EB00728715 /* MyPlayground.playground */ = {isa = PBXFileReference; lastKnownFileType = file.playground; path = MyPlayground.playground; sourceTree = "<group>"; };
		A444ED431EDEDD8500728715 /* BinarySearch.playground */ = {isa = PBXFileReference; lastKnownFileType = file.playground; path = BinarySearch.playground; sourceTree = "<group>"; };
		A444ED441EDEE3CC00728715 /* Trees.playground */ = {isa = PBXFileReference; lastKnownFileType = file.playground; path = Trees.playground; sourceTree = "<group>"; };
		A45924E01E4B2E17009E69C3 /* basic_swift */ = {isa = PBXFileReference; explicitFileType = "compiled.mach-o.executable"; includeInIndex = 0; path = basic_swift; sourceTree = BUILT_PRODUCTS_DIR; };
		A45924E31E4B2E17009E69C3 /* main.swift */ = {isa = PBXFileReference; lastKnownFileType = sourcecode.swift; path = main.swift; sourceTree = "<group>"; };
		A480284D1ED684DD00270C28 /* Stack.swift */ = {isa = PBXFileReference; fileEncoding = 4; lastKnownFileType = sourcecode.swift; path = Stack.swift; sourceTree = "<group>"; };
		A480284F1ED6880A00270C28 /* SwiftFunction.swift */ = {isa = PBXFileReference; fileEncoding = 4; lastKnownFileType = sourcecode.swift; path = SwiftFunction.swift; sourceTree = "<group>"; };
		A48028511ED68D5500270C28 /* SwiftClass.swift */ = {isa = PBXFileReference; fileEncoding = 4; lastKnownFileType = sourcecode.swift; path = SwiftClass.swift; sourceTree = "<group>"; };
		A48028531ED6A24C00270C28 /* willSetAnddidSet.swift */ = {isa = PBXFileReference; fileEncoding = 4; lastKnownFileType = sourcecode.swift; path = willSetAnddidSet.swift; sourceTree = "<group>"; };
		A48028551ED6A68400270C28 /* SwiftStaticPropertyANDFunction.swift */ = {isa = PBXFileReference; fileEncoding = 4; lastKnownFileType = sourcecode.swift; path = SwiftStaticPropertyANDFunction.swift; sourceTree = "<group>"; };
		A48028571ED6AE3D00270C28 /* swiftDefine_[].swift */ = {isa = PBXFileReference; fileEncoding = 4; lastKnownFileType = sourcecode.swift; path = "swiftDefine_[].swift"; sourceTree = "<group>"; };
		A48028591ED6C00600270C28 /* SwtiftAccessRights .swift */ = {isa = PBXFileReference; fileEncoding = 4; lastKnownFileType = sourcecode.swift; path = "SwtiftAccessRights .swift"; sourceTree = "<group>"; };
		A480285B1ED6C37200270C28 /* SwiftFileOperation.swift */ = {isa = PBXFileReference; fileEncoding = 4; lastKnownFileType = sourcecode.swift; path = SwiftFileOperation.swift; sourceTree = "<group>"; };
		A480285D1ED6CA5C00270C28 /* test1.txt */ = {isa = PBXFileReference; lastKnownFileType = text; path = test1.txt; sourceTree = "<group>"; };
/* End PBXFileReference section */

/* Begin PBXFrameworksBuildPhase section */
		A45924DD1E4B2E17009E69C3 /* Frameworks */ = {
			isa = PBXFrameworksBuildPhase;
			buildActionMask = 2147483647;
			files = (
			);
			runOnlyForDeploymentPostprocessing = 0;
		};
/* End PBXFrameworksBuildPhase section */

/* Begin PBXGroup section */
		A45924D71E4B2E17009E69C3 = {
			isa = PBXGroup;
			children = (
				A45924E21E4B2E17009E69C3 /* basic_swift */,
				A45924E11E4B2E17009E69C3 /* Products */,
			);
			sourceTree = "<group>";
		};
		A45924E11E4B2E17009E69C3 /* Products */ = {
			isa = PBXGroup;
			children = (
				A45924E01E4B2E17009E69C3 /* basic_swift */,
			);
			name = Products;
			sourceTree = "<group>";
		};
		A45924E21E4B2E17009E69C3 /* basic_swift */ = {
			isa = PBXGroup;
			children = (
				A45924E31E4B2E17009E69C3 /* main.swift */,
				A444ED421EDEB5EB00728715 /* MyPlayground.playground */,
				A480284D1ED684DD00270C28 /* Stack.swift */,
				A480284F1ED6880A00270C28 /* SwiftFunction.swift */,
				A48028511ED68D5500270C28 /* SwiftClass.swift */,
				A48028531ED6A24C00270C28 /* willSetAnddidSet.swift */,
				A48028551ED6A68400270C28 /* SwiftStaticPropertyANDFunction.swift */,
				A48028571ED6AE3D00270C28 /* swiftDefine_[].swift */,
				A48028591ED6C00600270C28 /* SwtiftAccessRights .swift */,
				A480285B1ED6C37200270C28 /* SwiftFileOperation.swift */,
				A480285D1ED6CA5C00270C28 /* test1.txt */,
				A444ED431EDEDD8500728715 /* BinarySearch.playground */,
				A444ED441EDEE3CC00728715 /* Trees.playground */,
			);
			path = basic_swift;
			sourceTree = "<group>";
		};
/* End PBXGroup section */

/* Begin PBXNativeTarget section */
		A45924DF1E4B2E17009E69C3 /* basic_swift */ = {
			isa = PBXNativeTarget;
			buildConfigurationList = A45924E71E4B2E17009E69C3 /* Build configuration list for PBXNativeTarget "basic_swift" */;
			buildPhases = (
				A45924DC1E4B2E17009E69C3 /* Sources */,
				A45924DD1E4B2E17009E69C3 /* Frameworks */,
				A45924DE1E4B2E17009E69C3 /* CopyFiles */,
			);
			buildRules = (
			);
			dependencies = (
			);
			name = basic_swift;
			productName = basic_swift;
			productReference = A45924E01E4B2E17009E69C3 /* basic_swift */;
			productType = "com.apple.product-type.tool";
		};
/* End PBXNativeTarget section */

/* Begin PBXProject section */
		A45924D81E4B2E17009E69C3 /* Project object */ = {
			isa = PBXProject;
			attributes = {
				LastSwiftUpdateCheck = 0820;
				LastUpgradeCheck = 0820;
				ORGANIZATIONNAME = "刘红波";
				TargetAttributes = {
					A45924DF1E4B2E17009E69C3 = {
						CreatedOnToolsVersion = 8.2.1;
						ProvisioningStyle = Automatic;
					};
				};
			};
			buildConfigurationList = A45924DB1E4B2E17009E69C3 /* Build configuration list for PBXProject "basic_swift" */;
			compatibilityVersion = "Xcode 3.2";
			developmentRegion = English;
			hasScannedForEncodings = 0;
			knownRegions = (
				en,
			);
			mainGroup = A45924D71E4B2E17009E69C3;
			productRefGroup = A45924E11E4B2E17009E69C3 /* Products */;
			projectDirPath = "";
			projectRoot = "";
			targets = (
				A45924DF1E4B2E17009E69C3 /* basic_swift */,
			);
		};
/* End PBXProject section */

/* Begin PBXSourcesBuildPhase section */
		A45924DC1E4B2E17009E69C3 /* Sources */ = {
			isa = PBXSourcesBuildPhase;
			buildActionMask = 2147483647;
			files = (
				A480285A1ED6C00600270C28 /* SwtiftAccessRights .swift in Sources */,
				A480285C1ED6C37200270C28 /* SwiftFileOperation.swift in Sources */,
				A48028561ED6A68400270C28 /* SwiftStaticPropertyANDFunction.swift in Sources */,
				A48028501ED6880A00270C28 /* SwiftFunction.swift in Sources */,
				A480284E1ED684DD00270C28 /* Stack.swift in Sources */,
				A48028581ED6AE3D00270C28 /* swiftDefine_[].swift in Sources */,
				A48028541ED6A24C00270C28 /* willSetAnddidSet.swift in Sources */,
				A48028521ED68D5500270C28 /* SwiftClass.swift in Sources */,
				A45924E41E4B2E17009E69C3 /* main.swift in Sources */,
			);
			runOnlyForDeploymentPostprocessing = 0;
		};
/* End PBXSourcesBuildPhase section */

/* Begin XCBuildConfiguration section */
		A45924E51E4B2E17009E69C3 /* Debug */ = {
			isa = XCBuildConfiguration;
			buildSettings = {
				ALWAYS_SEARCH_USER_PATHS = NO;
				CLANG_ANALYZER_NONNULL = YES;
				CLANG_CXX_LANGUAGE_STANDARD = "gnu++0x";
				CLANG_CXX_LIBRARY = "libc++";
				CLANG_ENABLE_MODULES = YES;
				CLANG_ENABLE_OBJC_ARC = YES;
				CLANG_WARN_BOOL_CONVERSION = YES;
				CLANG_WARN_CONSTANT_CONVERSION = YES;
				CLANG_WARN_DIRECT_OBJC_ISA_USAGE = YES_ERROR;
				CLANG_WARN_DOCUMENTATION_COMMENTS = YES;
				CLANG_WARN_EMPTY_BODY = YES;
				CLANG_WARN_ENUM_CONVERSION = YES;
				CLANG_WARN_INFINITE_RECURSION = YES;
				CLANG_WARN_INT_CONVERSION = YES;
				CLANG_WARN_OBJC_ROOT_CLASS = YES_ERROR;
				CLANG_WARN_SUSPICIOUS_MOVE = YES;
				CLANG_WARN_UNREACHABLE_CODE = YES;
				CLANG_WARN__DUPLICATE_METHOD_MATCH = YES;
				CODE_SIGN_IDENTITY = "-";
				COPY_PHASE_STRIP = NO;
				DEBUG_INFORMATION_FORMAT = dwarf;
				ENABLE_STRICT_OBJC_MSGSEND = YES;
				ENABLE_TESTABILITY = YES;
				GCC_C_LANGUAGE_STANDARD = gnu99;
				GCC_DYNAMIC_NO_PIC = NO;
				GCC_NO_COMMON_BLOCKS = YES;
				GCC_OPTIMIZATION_LEVEL = 0;
				GCC_PREPROCESSOR_DEFINITIONS = (
					"DEBUG=1",
					"$(inherited)",
				);
				GCC_WARN_64_TO_32_BIT_CONVERSION = YES;
				GCC_WARN_ABOUT_RETURN_TYPE = YES_ERROR;
				GCC_WARN_UNDECLARED_SELECTOR = YES;
				GCC_WARN_UNINITIALIZED_AUTOS = YES_AGGRESSIVE;
				GCC_WARN_UNUSED_FUNCTION = YES;
				GCC_WARN_UNUSED_VARIABLE = YES;
				MACOSX_DEPLOYMENT_TARGET = 10.12;
				MTL_ENABLE_DEBUG_INFO = YES;
				ONLY_ACTIVE_ARCH = YES;
				SDKROOT = macosx;
				SWIFT_OPTIMIZATION_LEVEL = "-Onone";
			};
			name = Debug;
		};
		A45924E61E4B2E17009E69C3 /* Release */ = {
			isa = XCBuildConfiguration;
			buildSettings = {
				ALWAYS_SEARCH_USER_PATHS = NO;
				CLANG_ANALYZER_NONNULL = YES;
				CLANG_CXX_LANGUAGE_STANDARD = "gnu++0x";
				CLANG_CXX_LIBRARY = "libc++";
				CLANG_ENABLE_MODULES = YES;
				CLANG_ENABLE_OBJC_ARC = YES;
				CLANG_WARN_BOOL_CONVERSION = YES;
				CLANG_WARN_CONSTANT_CONVERSION = YES;
				CLANG_WARN_DIRECT_OBJC_ISA_USAGE = YES_ERROR;
				CLANG_WARN_DOCUMENTATION_COMMENTS = YES;
				CLANG_WARN_EMPTY_BODY = YES;
				CLANG_WARN_ENUM_CONVERSION = YES;
				CLANG_WARN_INFINITE_RECURSION = YES;
				CLANG_WARN_INT_CONVERSION = YES;
				CLANG_WARN_OBJC_ROOT_CLASS = YES_ERROR;
				CLANG_WARN_SUSPICIOUS_MOVE = YES;
				CLANG_WARN_UNREACHABLE_CODE = YES;
				CLANG_WARN__DUPLICATE_METHOD_MATCH = YES;
				CODE_SIGN_IDENTITY = "-";
				COPY_PHASE_STRIP = NO;
				DEBUG_INFORMATION_FORMAT = "dwarf-with-dsym";
				ENABLE_NS_ASSERTIONS = NO;
				ENABLE_STRICT_OBJC_MSGSEND = YES;
				GCC_C_LANGUAGE_STANDARD = gnu99;
				GCC_NO_COMMON_BLOCKS = YES;
				GCC_WARN_64_TO_32_BIT_CONVERSION = YES;
				GCC_WARN_ABOUT_RETURN_TYPE = YES_ERROR;
				GCC_WARN_UNDECLARED_SELECTOR = YES;
				GCC_WARN_UNINITIALIZED_AUTOS = YES_AGGRESSIVE;
				GCC_WARN_UNUSED_FUNCTION = YES;
				GCC_WARN_UNUSED_VARIABLE = YES;
				MACOSX_DEPLOYMENT_TARGET = 10.12;
				MTL_ENABLE_DEBUG_INFO = NO;
				SDKROOT = macosx;
			};
			name = Release;
		};
		A45924E81E4B2E17009E69C3 /* Debug */ = {
			isa = XCBuildConfiguration;
			buildSettings = {
				PRODUCT_NAME = "$(TARGET_NAME)";
				SWIFT_VERSION = 3.0;
			};
			name = Debug;
		};
		A45924E91E4B2E17009E69C3 /* Release */ = {
			isa = XCBuildConfiguration;
			buildSettings = {
				PRODUCT_NAME = "$(TARGET_NAME)";
				SWIFT_VERSION = 3.0;
			};
			name = Release;
		};
/* End XCBuildConfiguration section */

/* Begin XCConfigurationList section */
		A45924DB1E4B2E17009E69C3 /* Build configuration list for PBXProject "basic_swift" */ = {
			isa = XCConfigurationList;
			buildConfigurations = (
				A45924E51E4B2E17009E69C3 /* Debug */,
				A45924E61E4B2E17009E69C3 /* Release */,
			);
			defaultConfigurationIsVisible = 0;
			defaultConfigurationName = Release;
		};
		A45924E71E4B2E17009E69C3 /* Build configuration list for PBXNativeTarget "basic_swift" */ = {
			isa = XCConfigurationList;
			buildConfigurations = (
				A45924E81E4B2E17009E69C3 /* Debug */,
				A45924E91E4B2E17009E69C3 /* Release */,
			);
			defaultConfigurationIsVisible = 0;
			defaultConfigurationName = Release;
		};
/* End XCConfigurationList section */
	};
	rootObject = A45924D81E4B2E17009E69C3 /* Project object */;
}
